{
  "name": "@fateforge/cnstock-cli",
  "version": "1.1.6",
  "lockfileVersion": 3,
  "requires": true,
  "packages": {
    "": {
      "name": "@fateforge/cnstock-cli",
      "version": "1.1.6",
      "license": "MIT",
      "bin": {
        "cnstock-cli": "scripts/run.js"
      },
      "engines": {
        "node": ">=16"
      },
      "optionalDependencies": {
        "@fateforge/cnstock-cli-darwin-arm64": "1.1.6",
        "@fateforge/cnstock-cli-darwin-x64": "1.1.6",
        "@fateforge/cnstock-cli-linux-arm64": "1.1.6",
        "@fateforge/cnstock-cli-linux-x64": "1.1.6",
        "@fateforge/cnstock-cli-win32-arm64": "1.1.6",
        "@fateforge/cnstock-cli-win32-x64": "1.1.6"
      }
    },
    "node_modules/@fateforge/cnstock-cli-darwin-arm64": {
      "optional": true
    },
    "node_modules/@fateforge/cnstock-cli-darwin-x64": {
      "optional": true
    },
    "node_modules/@fateforge/cnstock-cli-linux-arm64": {
      "optional": true
    },
    "node_modules/@fateforge/cnstock-cli-linux-x64": {
      "optional": true
    },
    "node_modules/@fateforge/cnstock-cli-win32-arm64": {
      "optional": true
    },
    "node_modules/@fateforge/cnstock-cli-win32-x64": {
      "optional": true
    }
  }
}
